Microsoft Visual Studio Solution File, Format Version 12.00
# Visual Studio Version 17
VisualStudioVersion = 17.5.2.0
MinimumVisualStudioVersion = 10.0.40219.1
Project("{FAE04EC0-301F-11D3-BF4B-00C04F79EFBC}") = "AulaBlazor", "AulaBlazor.csproj", "{0C913753-0F2C-04C1-8EEF-D10F3B6E1619}"
EndProject
Global
	GlobalSection(SolutionConfigurationPlatforms) = preSolution
		Debug|Any CPU = Debug|Any CPU
		Release|Any CPU = Release|Any CPU
	EndGlobalSection
	GlobalSection(ProjectConfigurationPlatforms) = postSolution
		{0C913753-0F2C-04C1-8EEF-D10F3B6E1619}.Debug|Any CPU.ActiveCfg = Debug|Any CPU
		{0C913753-0F2C-04C1-8EEF-D10F3B6E1619}.Debug|Any CPU.Build.0 = Debug|Any CPU
		{0C913753-0F2C-04C1-8EEF-D10F3B6E1619}.Release|Any CPU.ActiveCfg = Release|Any CPU
		{0C913753-0F2C-04C1-8EEF-D10F3B6E1619}.Release|Any CPU.Build.0 = Release|Any CPU
	EndGlobalSection
	GlobalSection(SolutionProperties) = preSolution
		HideSolutionNode = FALSE
	EndGlobalSection
	GlobalSection(ExtensibilityGlobals) = postSolution
		SolutionGuid = {BEB2786C-9862-4553-BCEA-207E2D872DD7}
	EndGlobalSection
EndGlobal
